{
	"name": "haxe-test-adapter",
	"version": "1.2.10",
	"lockfileVersion": 1,
	"requires": true,
	"dependencies": {
		"lix": {
			"version": "15.8.9",
			"resolved": "https://registry.npmjs.org/lix/-/lix-15.8.9.tgz",
			"integrity": "sha512-PeyaVHuq6I5q7Gf6YL74zhK9ASPGncF+L405my+waKcFFhtIF8LzrcNWGhcVuJwOHW1VD32+UiTRKoWbHwvvjg==",
			"dev": true
		},
		"tslib": {
			"version": "1.9.3",
			"resolved": "https://registry.npmjs.org/tslib/-/tslib-1.9.3.tgz",
			"integrity": "sha512-4krF8scpejhaOgqzBEcGM7yDIEfi0/8+8zDRZhNZZ2kjmHJ4hv3zCbQWxoJGz1iw5U0Jl0nma13xzHXcncMavQ=="
		},
		"vscode-test-adapter-api": {
			"version": "1.7.0",
			"resolved": "https://registry.npmjs.org/vscode-test-adapter-api/-/vscode-test-adapter-api-1.7.0.tgz",
			"integrity": "sha512-X0rTcoDhDBmpmJuev2C5+GHGZD41nmcRYoSe7iw5e9/aIPTOFve1T1F5x9gb+zXoNQnkXSDibyMkeHDKtIkqCg=="
		},
		"vscode-test-adapter-util": {
			"version": "0.6.4",
			"resolved": "https://registry.npmjs.org/vscode-test-adapter-util/-/vscode-test-adapter-util-0.6.4.tgz",
			"integrity": "sha512-YcNwJUi9YzmMHVT/xHuXu8xTAuhD+rugg9zuH9y1E++qVNk9EzCag/QefbMIwOraGc2DyzPDcBp6rWivxsXB9Q==",
			"requires": {
				"tslib": "^1.9.3",
				"vscode-test-adapter-api": "^1.2.0"
			}
		}
	}
}
