{
	"name": "haxe-test-adapter",
	"version": "0.0.1",
	"lockfileVersion": 1,
	"requires": true,
	"dependencies": {
		"tslib": {
			"version": "1.9.3",
			"resolved": "https://registry.npmjs.org/tslib/-/tslib-1.9.3.tgz",
			"integrity": "sha512-4krF8scpejhaOgqzBEcGM7yDIEfi0/8+8zDRZhNZZ2kjmHJ4hv3zCbQWxoJGz1iw5U0Jl0nma13xzHXcncMavQ=="
		},
		"vscode-test-adapter-api": {
			"version": "1.2.0",
			"resolved": "https://registry.npmjs.org/vscode-test-adapter-api/-/vscode-test-adapter-api-1.2.0.tgz",
			"integrity": "sha512-9hpozDbrHdCJYH+N6H4hKhCpQaLkRm+WKtgTEzNbQrJf1Xqjfq7v+zp8OUQ45yaghLtocuIZTDOTPxhCK+/OWA=="
		},
		"vscode-test-adapter-util": {
			"version": "0.5.1",
			"resolved": "https://registry.npmjs.org/vscode-test-adapter-util/-/vscode-test-adapter-util-0.5.1.tgz",
			"integrity": "sha512-zapLBwXPtJeJTdY+aDm++sKFNPdx7I87zyFNabqULPQpS1E2go9IVIhFb/v4RVBF2mV044X9LGCdmfu+i8Swvg==",
			"requires": {
				"tslib": "1.9.3",
				"vscode-test-adapter-api": "1.2.0"
			}
		}
	}
}
